
Microsoft Visual Studio Solution File, Format Version 12.00
# Visual Studio 2012
Project("{FAE04EC0-301F-11D3-BF4B-00C04F79EFBC}") = "GW2EventMonitor", "GW2EventMonitor\GW2EventMonitor.csproj", "{4D858B5F-C041-4A2E-B030-E7FCD7691223}"
EndProject
Project("{FAE04EC0-301F-11D3-BF4B-00C04F79EFBC}") = "EventDataManager", "EventDataManager\EventDataManager.csproj", "{D8CE6156-E40A-44C2-9007-01125F990EF0}"
EndProject
Project("{FAE04EC0-301F-11D3-BF4B-00C04F79EFBC}") = "WorldDataManager", "WorldDataManager\WorldDataManager.csproj", "{AFCFCABC-E7A5-4044-BFA8-EA43A43F0195}"
EndProject
Project("{FAE04EC0-301F-11D3-BF4B-00C04F79EFBC}") = "GwSharp", "GwSharp\GwSharp.csproj", "{AB7937F2-EE8F-4B74-B809-6BD88146CBBC}"
EndProject
Project("{FAE04EC0-301F-11D3-BF4B-00C04F79EFBC}") = "Persistance", "Persistance\Persistance.csproj", "{B84B0776-1F84-4590-AFCF-4D89DF888EBF}"
EndProject
Global
	GlobalSection(SolutionConfigurationPlatforms) = preSolution
		Debug|Any CPU = Debug|Any CPU
		Release|Any CPU = Release|Any CPU
	EndGlobalSection
	GlobalSection(ProjectConfigurationPlatforms) = postSolution
		{4D858B5F-C041-4A2E-B030-E7FCD7691223}.Debug|Any CPU.ActiveCfg = Debug|Any CPU
		{4D858B5F-C041-4A2E-B030-E7FCD7691223}.Debug|Any CPU.Build.0 = Debug|Any CPU
		{4D858B5F-C041-4A2E-B030-E7FCD7691223}.Release|Any CPU.ActiveCfg = Release|Any CPU
		{4D858B5F-C041-4A2E-B030-E7FCD7691223}.Release|Any CPU.Build.0 = Release|Any CPU
		{D8CE6156-E40A-44C2-9007-01125F990EF0}.Debug|Any CPU.ActiveCfg = Debug|Any CPU
		{D8CE6156-E40A-44C2-9007-01125F990EF0}.Debug|Any CPU.Build.0 = Debug|Any CPU
		{D8CE6156-E40A-44C2-9007-01125F990EF0}.Release|Any CPU.ActiveCfg = Release|Any CPU
		{D8CE6156-E40A-44C2-9007-01125F990EF0}.Release|Any CPU.Build.0 = Release|Any CPU
		{AFCFCABC-E7A5-4044-BFA8-EA43A43F0195}.Debug|Any CPU.ActiveCfg = Debug|Any CPU
		{AFCFCABC-E7A5-4044-BFA8-EA43A43F0195}.Debug|Any CPU.Build.0 = Debug|Any CPU
		{AFCFCABC-E7A5-4044-BFA8-EA43A43F0195}.Release|Any CPU.ActiveCfg = Release|Any CPU
		{AFCFCABC-E7A5-4044-BFA8-EA43A43F0195}.Release|Any CPU.Build.0 = Release|Any CPU
		{AB7937F2-EE8F-4B74-B809-6BD88146CBBC}.Debug|Any CPU.ActiveCfg = Debug|Any CPU
		{AB7937F2-EE8F-4B74-B809-6BD88146CBBC}.Debug|Any CPU.Build.0 = Debug|Any CPU
		{AB7937F2-EE8F-4B74-B809-6BD88146CBBC}.Release|Any CPU.ActiveCfg = Release|Any CPU
		{AB7937F2-EE8F-4B74-B809-6BD88146CBBC}.Release|Any CPU.Build.0 = Release|Any CPU
		{B84B0776-1F84-4590-AFCF-4D89DF888EBF}.Debug|Any CPU.ActiveCfg = Debug|Any CPU
		{B84B0776-1F84-4590-AFCF-4D89DF888EBF}.Debug|Any CPU.Build.0 = Debug|Any CPU
		{B84B0776-1F84-4590-AFCF-4D89DF888EBF}.Release|Any CPU.ActiveCfg = Release|Any CPU
		{B84B0776-1F84-4590-AFCF-4D89DF888EBF}.Release|Any CPU.Build.0 = Release|Any CPU
	EndGlobalSection
	GlobalSection(SolutionProperties) = preSolution
		HideSolutionNode = FALSE
	EndGlobalSection
EndGlobal
